
Microsoft Visual Studio Solution File, Format Version 12.00
# Visual Studio Version 17
VisualStudioVersion = 17.12.35514.174
MinimumVisualStudioVersion = 10.0.40219.1
Project("{FAE04EC0-301F-11D3-BF4B-00C04F79EFBC}") = "Registreringssystem", "Registreringssystem\Registreringssystem.csproj", "{613388F6-5B14-4F87-A7ED-0BAD8DD01371}"
EndProject
Project("{FAE04EC0-301F-11D3-BF4B-00C04F79EFBC}") = "BLL", "BLL\BLL.csproj", "{C533A0B1-85D7-417E-844E-CBE09C94B453}"
EndProject
Project("{FAE04EC0-301F-11D3-BF4B-00C04F79EFBC}") = "DAL", "DAL\DAL.csproj", "{FF23723F-9EF2-410F-9A02-860788A1457C}"
EndProject
Project("{FAE04EC0-301F-11D3-BF4B-00C04F79EFBC}") = "DTO", "DTO\DTO.csproj", "{F6EF7E43-5CD3-4DB3-8C0B-CEDA44895547}"
EndProject
Project("{FAE04EC0-301F-11D3-BF4B-00C04F79EFBC}") = "GUII", "GUII\GUII.csproj", "{67D010A5-75F0-4E3C-8D61-B7ED9BC2CFC7}"
EndProject
Global
	GlobalSection(SolutionConfigurationPlatforms) = preSolution
		Debug|Any CPU = Debug|Any CPU
		Debug|ARM64 = Debug|ARM64
		Release|Any CPU = Release|Any CPU
		Release|ARM64 = Release|ARM64
	EndGlobalSection
	GlobalSection(ProjectConfigurationPlatforms) = postSolution
		{613388F6-5B14-4F87-A7ED-0BAD8DD01371}.Debug|Any CPU.ActiveCfg = Debug|Any CPU
		{613388F6-5B14-4F87-A7ED-0BAD8DD01371}.Debug|Any CPU.Build.0 = Debug|Any CPU
		{613388F6-5B14-4F87-A7ED-0BAD8DD01371}.Debug|ARM64.ActiveCfg = Debug|ARM64
		{613388F6-5B14-4F87-A7ED-0BAD8DD01371}.Debug|ARM64.Build.0 = Debug|ARM64
		{613388F6-5B14-4F87-A7ED-0BAD8DD01371}.Release|Any CPU.ActiveCfg = Release|Any CPU
		{613388F6-5B14-4F87-A7ED-0BAD8DD01371}.Release|Any CPU.Build.0 = Release|Any CPU
		{613388F6-5B14-4F87-A7ED-0BAD8DD01371}.Release|ARM64.ActiveCfg = Release|ARM64
		{613388F6-5B14-4F87-A7ED-0BAD8DD01371}.Release|ARM64.Build.0 = Release|ARM64
		{C533A0B1-85D7-417E-844E-CBE09C94B453}.Debug|Any CPU.ActiveCfg = Debug|Any CPU
		{C533A0B1-85D7-417E-844E-CBE09C94B453}.Debug|Any CPU.Build.0 = Debug|Any CPU
		{C533A0B1-85D7-417E-844E-CBE09C94B453}.Debug|ARM64.ActiveCfg = Debug|Any CPU
		{C533A0B1-85D7-417E-844E-CBE09C94B453}.Debug|ARM64.Build.0 = Debug|Any CPU
		{C533A0B1-85D7-417E-844E-CBE09C94B453}.Release|Any CPU.ActiveCfg = Release|Any CPU
		{C533A0B1-85D7-417E-844E-CBE09C94B453}.Release|Any CPU.Build.0 = Release|Any CPU
		{C533A0B1-85D7-417E-844E-CBE09C94B453}.Release|ARM64.ActiveCfg = Release|Any CPU
		{C533A0B1-85D7-417E-844E-CBE09C94B453}.Release|ARM64.Build.0 = Release|Any CPU
		{FF23723F-9EF2-410F-9A02-860788A1457C}.Debug|Any CPU.ActiveCfg = Debug|Any CPU
		{FF23723F-9EF2-410F-9A02-860788A1457C}.Debug|Any CPU.Build.0 = Debug|Any CPU
		{FF23723F-9EF2-410F-9A02-860788A1457C}.Debug|ARM64.ActiveCfg = Debug|Any CPU
		{FF23723F-9EF2-410F-9A02-860788A1457C}.Debug|ARM64.Build.0 = Debug|Any CPU
		{FF23723F-9EF2-410F-9A02-860788A1457C}.Release|Any CPU.ActiveCfg = Release|Any CPU
		{FF23723F-9EF2-410F-9A02-860788A1457C}.Release|Any CPU.Build.0 = Release|Any CPU
		{FF23723F-9EF2-410F-9A02-860788A1457C}.Release|ARM64.ActiveCfg = Release|Any CPU
		{FF23723F-9EF2-410F-9A02-860788A1457C}.Release|ARM64.Build.0 = Release|Any CPU
		{F6EF7E43-5CD3-4DB3-8C0B-CEDA44895547}.Debug|Any CPU.ActiveCfg = Debug|Any CPU
		{F6EF7E43-5CD3-4DB3-8C0B-CEDA44895547}.Debug|Any CPU.Build.0 = Debug|Any CPU
		{F6EF7E43-5CD3-4DB3-8C0B-CEDA44895547}.Debug|ARM64.ActiveCfg = Debug|Any CPU
		{F6EF7E43-5CD3-4DB3-8C0B-CEDA44895547}.Debug|ARM64.Build.0 = Debug|Any CPU
		{F6EF7E43-5CD3-4DB3-8C0B-CEDA44895547}.Release|Any CPU.ActiveCfg = Release|Any CPU
		{F6EF7E43-5CD3-4DB3-8C0B-CEDA44895547}.Release|Any CPU.Build.0 = Release|Any CPU
		{F6EF7E43-5CD3-4DB3-8C0B-CEDA44895547}.Release|ARM64.ActiveCfg = Release|Any CPU
		{F6EF7E43-5CD3-4DB3-8C0B-CEDA44895547}.Release|ARM64.Build.0 = Release|Any CPU
		{67D010A5-75F0-4E3C-8D61-B7ED9BC2CFC7}.Debug|Any CPU.ActiveCfg = Debug|Any CPU
		{67D010A5-75F0-4E3C-8D61-B7ED9BC2CFC7}.Debug|Any CPU.Build.0 = Debug|Any CPU
		{67D010A5-75F0-4E3C-8D61-B7ED9BC2CFC7}.Debug|ARM64.ActiveCfg = Debug|Any CPU
		{67D010A5-75F0-4E3C-8D61-B7ED9BC2CFC7}.Debug|ARM64.Build.0 = Debug|Any CPU
		{67D010A5-75F0-4E3C-8D61-B7ED9BC2CFC7}.Release|Any CPU.ActiveCfg = Release|Any CPU
		{67D010A5-75F0-4E3C-8D61-B7ED9BC2CFC7}.Release|Any CPU.Build.0 = Release|Any CPU
		{67D010A5-75F0-4E3C-8D61-B7ED9BC2CFC7}.Release|ARM64.ActiveCfg = Release|Any CPU
		{67D010A5-75F0-4E3C-8D61-B7ED9BC2CFC7}.Release|ARM64.Build.0 = Release|Any CPU
	EndGlobalSection
	GlobalSection(SolutionProperties) = preSolution
		HideSolutionNode = FALSE
	EndGlobalSection
EndGlobal
